
Microsoft Visual Studio Solution File, Format Version 12.00
# Visual Studio 15
VisualStudioVersion = 15.0.28307.572
MinimumVisualStudioVersion = 10.0.40219.1
Project("{FAE04EC0-301F-11D3-BF4B-00C04F79EFBC}") = "Z_ServiceDesk", "Z_ServiceDesk\Z_ServiceDesk.csproj", "{1A653520-B7E4-486E-81AC-90F1062F1890}"
EndProject
Global
	GlobalSection(SolutionConfigurationPlatforms) = preSolution
		Debug|Any CPU = Debug|Any CPU
		Release|Any CPU = Release|Any CPU
	EndGlobalSection
	GlobalSection(ProjectConfigurationPlatforms) = postSolution
		{1A653520-B7E4-486E-81AC-90F1062F1890}.Debug|Any CPU.ActiveCfg = Debug|Any CPU
		{1A653520-B7E4-486E-81AC-90F1062F1890}.Debug|Any CPU.Build.0 = Debug|Any CPU
		{1A653520-B7E4-486E-81AC-90F1062F1890}.Release|Any CPU.ActiveCfg = Release|Any CPU
		{1A653520-B7E4-486E-81AC-90F1062F1890}.Release|Any CPU.Build.0 = Release|Any CPU
	EndGlobalSection
	GlobalSection(SolutionProperties) = preSolution
		HideSolutionNode = FALSE
	EndGlobalSection
	GlobalSection(ExtensibilityGlobals) = postSolution
		SolutionGuid = {BCE45C02-3D2A-4E86-8059-0E4EFFF28076}
	EndGlobalSection
EndGlobal
